
Microsoft Visual Studio Solution File, Format Version 12.00
# Visual Studio Version 17
VisualStudioVersion = 17.10.35013.160
MinimumVisualStudioVersion = 10.0.40219.1
Project("{FAE04EC0-301F-11D3-BF4B-00C04F79EFBC}") = "Set1", "Set1\Set1.csproj", "{B9CA934A-0041-4E46-BB70-3446AEF16164}"
EndProject
Global
	GlobalSection(SolutionConfigurationPlatforms) = preSolution
		Debug|Any CPU = Debug|Any CPU
		Release|Any CPU = Release|Any CPU
	EndGlobalSection
	GlobalSection(ProjectConfigurationPlatforms) = postSolution
		{B9CA934A-0041-4E46-BB70-3446AEF16164}.Debug|Any CPU.ActiveCfg = Debug|Any CPU
		{B9CA934A-0041-4E46-BB70-3446AEF16164}.Debug|Any CPU.Build.0 = Debug|Any CPU
		{B9CA934A-0041-4E46-BB70-3446AEF16164}.Release|Any CPU.ActiveCfg = Release|Any CPU
		{B9CA934A-0041-4E46-BB70-3446AEF16164}.Release|Any CPU.Build.0 = Release|Any CPU
	EndGlobalSection
	GlobalSection(SolutionProperties) = preSolution
		HideSolutionNode = FALSE
	EndGlobalSection
	GlobalSection(ExtensibilityGlobals) = postSolution
		SolutionGuid = {2916FBFF-FD35-4578-8A7B-2CDB077DB91D}
	EndGlobalSection
EndGlobal
